
Microsoft Visual Studio Solution File, Format Version 12.00
# Visual Studio 15
VisualStudioVersion = 15.0.28307.106
MinimumVisualStudioVersion = 10.0.40219.1
Project("{9A19103F-16F7-4668-BE54-9A1E7A4F7556}") = "PolityczneSpektrum", "PolityczneSpektrum\PolityczneSpektrum.csproj", "{5467AEA4-62F8-43AC-99CA-AD3E754BB5C0}"
EndProject
Global
	GlobalSection(SolutionConfigurationPlatforms) = preSolution
		Debug|Any CPU = Debug|Any CPU
		Release|Any CPU = Release|Any CPU
	EndGlobalSection
	GlobalSection(ProjectConfigurationPlatforms) = postSolution
		{5467AEA4-62F8-43AC-99CA-AD3E754BB5C0}.Debug|Any CPU.ActiveCfg = Debug|Any CPU
		{5467AEA4-62F8-43AC-99CA-AD3E754BB5C0}.Debug|Any CPU.Build.0 = Debug|Any CPU
		{5467AEA4-62F8-43AC-99CA-AD3E754BB5C0}.Release|Any CPU.ActiveCfg = Release|Any CPU
		{5467AEA4-62F8-43AC-99CA-AD3E754BB5C0}.Release|Any CPU.Build.0 = Release|Any CPU
	EndGlobalSection
	GlobalSection(SolutionProperties) = preSolution
		HideSolutionNode = FALSE
	EndGlobalSection
	GlobalSection(ExtensibilityGlobals) = postSolution
		SolutionGuid = {6B912063-B536-4F88-8825-A7B791B25055}
	EndGlobalSection
EndGlobal
